# @generated by Move, please check-in and do not edit manually.

[move]
version = 2
manifest_digest = "84AA5A227BD68B46BCE715774F094F560C5ABE24EFE5A52D5F5C79A74EE6F1E7"
deps_digest = "3C4103934B1E040BB6B23F1D610B4EF9F2F1166A50A104EADCF77467C004C600"
dependencies = [
  { name = "AptosFramework" },
  { name = "AptosToken" },
]

[[move.package]]
name = "AptosFramework"
source = { git = "https://github.com/aptos-labs/aptos-core.git", rev = "mainnet", subdir = "aptos-move/framework/aptos-framework" }

dependencies = [
  { name = "AptosStdlib" },
  { name = "MoveStdlib" },
]

[[move.package]]
name = "AptosStdlib"
source = { git = "https://github.com/aptos-labs/aptos-core.git", rev = "mainnet", subdir = "aptos-move/framework/aptos-stdlib" }

dependencies = [
  { name = "MoveStdlib" },
]

[[move.package]]
name = "AptosToken"
source = { git = "https://github.com/aptos-labs/aptos-core.git", rev = "mainnet", subdir = "aptos-move/framework/aptos-token" }

dependencies = [
  { name = "AptosFramework" },
  { name = "MoveStdlib" },
]

[[move.package]]
name = "MoveStdlib"
source = { git = "https://github.com/aptos-labs/aptos-core.git", rev = "mainnet", subdir = "aptos-move/framework/move-stdlib" }
