# @generated by Move, please check-in and do not edit manually.

[move]
version = 2
manifest_digest = "882B4F595138534793C0105532BC0CB545F8B014655AB8AFDB05E4F5AE3F9A66"
deps_digest = "3C4103934B1E040BB6B23F1D610B4EF9F2F1166A50A104EADCF77467C004C600"
dependencies = [
  { name = "Sui" },
  { name = "sas" },
]

[[move.package]]
name = "MoveStdlib"
source = { git = "https://github.com/MystenLabs/sui.git", rev = "framework/testnet", subdir = "crates/sui-framework/packages/move-stdlib" }

[[move.package]]
name = "Sui"
source = { git = "https://github.com/MystenLabs/sui.git", rev = "framework/testnet", subdir = "crates/sui-framework/packages/sui-framework" }

dependencies = [
  { name = "MoveStdlib" },
]

[[move.package]]
name = "sas"
source = { local = ".." }

dependencies = [
  { name = "Sui" },
]

[move.toolchain-version]
compiler-version = "1.30.1"
edition = "2024.beta"
flavor = "sui"

[env]

[env.testnet]
chain-id = "4c78adac"
original-published-id = "0x9066353de425b7ad2913684c044678c83a7ee7fe23c0df4b78b0477c726b68e4"
latest-published-id = "0x9066353de425b7ad2913684c044678c83a7ee7fe23c0df4b78b0477c726b68e4"
published-version = "1"
